
Microsoft Visual Studio Solution File, Format Version 12.00
# Visual Studio Version 17
VisualStudioVersion = 17.7.34031.279
MinimumVisualStudioVersion = 10.0.40219.1
Project("{FAE04EC0-301F-11D3-BF4B-00C04F79EFBC}") = "HomeWork_System_N1", "HomeWork_System_N1\HomeWork_System_N1.csproj", "{9ECF5D8E-BAC4-4210-9553-60E0E1ED369D}"
EndProject
Global
	GlobalSection(SolutionConfigurationPlatforms) = preSolution
		Debug|Any CPU = Debug|Any CPU
		Release|Any CPU = Release|Any CPU
	EndGlobalSection
	GlobalSection(ProjectConfigurationPlatforms) = postSolution
		{9ECF5D8E-BAC4-4210-9553-60E0E1ED369D}.Debug|Any CPU.ActiveCfg = Debug|Any CPU
		{9ECF5D8E-BAC4-4210-9553-60E0E1ED369D}.Debug|Any CPU.Build.0 = Debug|Any CPU
		{9ECF5D8E-BAC4-4210-9553-60E0E1ED369D}.Release|Any CPU.ActiveCfg = Release|Any CPU
		{9ECF5D8E-BAC4-4210-9553-60E0E1ED369D}.Release|Any CPU.Build.0 = Release|Any CPU
	EndGlobalSection
	GlobalSection(SolutionProperties) = preSolution
		HideSolutionNode = FALSE
	EndGlobalSection
	GlobalSection(ExtensibilityGlobals) = postSolution
		SolutionGuid = {E8498ACB-06A7-438D-B8B8-0ED25D355137}
	EndGlobalSection
EndGlobal
